// !$*UTF8*$!
{
	archiveVersion = 1;
	classes = {
	};
	objectVersion = 46;
	objects = {

/* Begin PBXBuildFile section */
		730E65AF1A8D35590095A5C0 /* main.m in Sources */ = {isa = PBXBuildFile; fileRef = 730E65AE1A8D35590095A5C0 /* main.m */; };
		730E65B21A8D35590095A5C0 /* AppDelegate.m in Sources */ = {isa = PBXBuildFile; fileRef = 730E65B11A8D35590095A5C0 /* AppDelegate.m */; };
		730E65B51A8D35590095A5C0 /* GameScene.m in Sources */ = {isa = PBXBuildFile; fileRef = 730E65B41A8D35590095A5C0 /* GameScene.m */; };
		730E65B71A8D35590095A5C0 /* GameScene.sks in Resources */ = {isa = PBXBuildFile; fileRef = 730E65B61A8D35590095A5C0 /* GameScene.sks */; };
		730E65BA1A8D35590095A5C0 /* GameViewController.m in Sources */ = {isa = PBXBuildFile; fileRef = 730E65B91A8D35590095A5C0 /* GameViewController.m */; };
		730E65BD1A8D35590095A5C0 /* Main.storyboard in Resources */ = {isa = PBXBuildFile; fileRef = 730E65BB1A8D35590095A5C0 /* Main.storyboard */; };
		730E65BF1A8D35590095A5C0 /* Images.xcassets in Resources */ = {isa = PBXBuildFile; fileRef = 730E65BE1A8D35590095A5C0 /* Images.xcassets */; };
		730E65C21A8D35590095A5C0 /* LaunchScreen.xib in Resources */ = {isa = PBXBuildFile; fileRef = 730E65C01A8D35590095A5C0 /* LaunchScreen.xib */; };
		730E65CE1A8D35590095A5C0 /* gameDeleteMeTests.m in Sources */ = {isa = PBXBuildFile; fileRef = 730E65CD1A8D35590095A5C0 /* gameDeleteMeTests.m */; };
/* End PBXBuildFile section */

/* Begin PBXContainerItemProxy section */
		730E65C81A8D35590095A5C0 /* PBXContainerItemProxy */ = {
			isa = PBXContainerItemProxy;
			containerPortal = 730E65A11A8D35580095A5C0 /* Project object */;
			proxyType = 1;
			remoteGlobalIDString = 730E65A81A8D35590095A5C0;
			remoteInfo = gameDeleteMe;
		};
/* End PBXContainerItemProxy section */

/* Begin PBXFileReference section */
		730E65A91A8D35590095A5C0 /* gameDeleteMe.app */ = {isa = PBXFileReference; explicitFileType = wrapper.application; includeInIndex = 0; path = gameDeleteMe.app; sourceTree = BUILT_PRODUCTS_DIR; };
		730E65AD1A8D35590095A5C0 /* Info.plist */ = {isa = PBXFileReference; lastKnownFileType = text.plist.xml; path = Info.plist; sourceTree = "<group>"; };
		730E65AE1A8D35590095A5C0 /* main.m */ = {isa = PBXFileReference; lastKnownFileType = sourcecode.c.objc; path = main.m; sourceTree = "<group>"; };
		730E65B01A8D35590095A5C0 /* AppDelegate.h */ = {isa = PBXFileReference; lastKnownFileType = sourcecode.c.h; path = AppDelegate.h; sourceTree = "<group>"; };
		730E65B11A8D35590095A5C0 /* AppDelegate.m */ = {isa = PBXFileReference; lastKnownFileType = sourcecode.c.objc; path = AppDelegate.m; sourceTree = "<group>"; };
		730E65B31A8D35590095A5C0 /* GameScene.h */ = {isa = PBXFileReference; lastKnownFileType = sourcecode.c.h; path = GameScene.h; sourceTree = "<group>"; };
		730E65B41A8D35590095A5C0 /* GameScene.m */ = {isa = PBXFileReference; lastKnownFileType = sourcecode.c.objc; path = GameScene.m; sourceTree = "<group>"; };
		730E65B61A8D35590095A5C0 /* GameScene.sks */ = {isa = PBXFileReference; lastKnownFileType = file.sks; path = GameScene.sks; sourceTree = "<group>"; };
		730E65B81A8D35590095A5C0 /* GameViewController.h */ = {isa = PBXFileReference; lastKnownFileType = sourcecode.c.h; path = GameViewController.h; sourceTree = "<group>"; };
		730E65B91A8D35590095A5C0 /* GameViewController.m */ = {isa = PBXFileReference; lastKnownFileType = sourcecode.c.objc; path = GameViewController.m; sourceTree = "<group>"; };
		730E65BC1A8D35590095A5C0 /* Base */ = {isa = PBXFileReference; lastKnownFileType = file.storyboard; name = Base; path = Base.lproj/Main.storyboard; sourceTree = "<group>"; };
		730E65BE1A8D35590095A5C0 /* Images.xcassets */ = {isa = PBXFileReference; lastKnownFileType = folder.assetcatalog; path = Images.xcassets; sourceTree = "<group>"; };
		730E65C11A8D35590095A5C0 /* Base */ = {isa = PBXFileReference; lastKnownFileType = file.xib; name = Base; path = Base.lproj/LaunchScreen.xib; sourceTree = "<group>"; };
		730E65C71A8D35590095A5C0 /* gameDeleteMeTests.xctest */ = {isa = PBXFileReference; explicitFileType = wrapper.cfbundle; includeInIndex = 0; path = gameDeleteMeTests.xctest; sourceTree = BUILT_PRODUCTS_DIR; };
		730E65CC1A8D35590095A5C0 /* Info.plist */ = {isa = PBXFileReference; lastKnownFileType = text.plist.xml; path = Info.plist; sourceTree = "<group>"; };
		730E65CD1A8D35590095A5C0 /* gameDeleteMeTests.m */ = {isa = PBXFileReference; lastKnownFileType = sourcecode.c.objc; path = gameDeleteMeTests.m; sourceTree = "<group>"; };
/* End PBXFileReference section */

/* Begin PBXFrameworksBuildPhase section */
		730E65A61A8D35590095A5C0 /* Frameworks */ = {
			isa = PBXFrameworksBuildPhase;
			buildActionMask = 2147483647;
			files = (
			);
			runOnlyForDeploymentPostprocessing = 0;
		};
		730E65C41A8D35590095A5C0 /* Frameworks */ = {
			isa = PBXFrameworksBuildPhase;
			buildActionMask = 2147483647;
			files = (
			);
			runOnlyForDeploymentPostprocessing = 0;
		};
/* End PBXFrameworksBuildPhase section */

/* Begin PBXGroup section */
		730E65A01A8D35580095A5C0 = {
			isa = PBXGroup;
			children = (
				730E65AB1A8D35590095A5C0 /* gameDeleteMe */,
				730E65CA1A8D35590095A5C0 /* gameDeleteMeTests */,
				730E65AA1A8D35590095A5C0 /* Products */,
			);
			sourceTree = "<group>";
		};
		730E65AA1A8D35590095A5C0 /* Products */ = {
			isa = PBXGroup;
			children = (
				730E65A91A8D35590095A5C0 /* gameDeleteMe.app */,
				730E65C71A8D35590095A5C0 /* gameDeleteMeTests.xctest */,
			);
			name = Products;
			sourceTree = "<group>";
		};
		730E65AB1A8D35590095A5C0 /* gameDeleteMe */ = {
			isa = PBXGroup;
			children = (
				730E65B01A8D35590095A5C0 /* AppDelegate.h */,
				730E65B11A8D35590095A5C0 /* AppDelegate.m */,
				730E65B31A8D35590095A5C0 /* GameScene.h */,
				730E65B41A8D35590095A5C0 /* GameScene.m */,
				730E65B61A8D35590095A5C0 /* GameScene.sks */,
				730E65B81A8D35590095A5C0 /* GameViewController.h */,
				730E65B91A8D35590095A5C0 /* GameViewController.m */,
				730E65BB1A8D35590095A5C0 /* Main.storyboard */,
				730E65BE1A8D35590095A5C0 /* Images.xcassets */,
				730E65C01A8D35590095A5C0 /* LaunchScreen.xib */,
				730E65AC1A8D35590095A5C0 /* Supporting Files */,
			);
			path = gameDeleteMe;
			sourceTree = "<group>";
		};
		730E65AC1A8D35590095A5C0 /* Supporting Files */ = {
			isa = PBXGroup;
			children = (
				730E65AD1A8D35590095A5C0 /* Info.plist */,
				730E65AE1A8D35590095A5C0 /* main.m */,
			);
			name = "Supporting Files";
			sourceTree = "<group>";
		};
		730E65CA1A8D35590095A5C0 /* gameDeleteMeTests */ = {
			isa = PBXGroup;
			children = (
				730E65CD1A8D35590095A5C0 /* gameDeleteMeTests.m */,
				730E65CB1A8D35590095A5C0 /* Supporting Files */,
			);
			path = gameDeleteMeTests;
			sourceTree = "<group>";
		};
		730E65CB1A8D35590095A5C0 /* Supporting Files */ = {
			isa = PBXGroup;
			children = (
				730E65CC1A8D35590095A5C0 /* Info.plist */,
			);
			name = "Supporting Files";
			sourceTree = "<group>";
		};
/* End PBXGroup section */

/* Begin PBXNativeTarget section */
		730E65A81A8D35590095A5C0 /* gameDeleteMe */ = {
			isa = PBXNativeTarget;
			buildConfigurationList = 730E65D11A8D35590095A5C0 /* Build configuration list for PBXNativeTarget "gameDeleteMe" */;
			buildPhases = (
				730E65A51A8D35590095A5C0 /* Sources */,
				730E65A61A8D35590095A5C0 /* Frameworks */,
				730E65A71A8D35590095A5C0 /* Resources */,
			);
			buildRules = (
			);
			dependencies = (
			);
			name = gameDeleteMe;
			productName = gameDeleteMe;
			productReference = 730E65A91A8D35590095A5C0 /* gameDeleteMe.app */;
			productType = "com.apple.product-type.application";
		};
		730E65C61A8D35590095A5C0 /* gameDeleteMeTests */ = {
			isa = PBXNativeTarget;
			buildConfigurationList = 730E65D41A8D35590095A5C0 /* Build configuration list for PBXNativeTarget "gameDeleteMeTests" */;
			buildPhases = (
				730E65C31A8D35590095A5C0 /* Sources */,
				730E65C41A8D35590095A5C0 /* Frameworks */,
				730E65C51A8D35590095A5C0 /* Resources */,
			);
			buildRules = (
			);
			dependencies = (
				730E65C91A8D35590095A5C0 /* PBXTargetDependency */,
			);
			name = gameDeleteMeTests;
			productName = gameDeleteMeTests;
			productReference = 730E65C71A8D35590095A5C0 /* gameDeleteMeTests.xctest */;
			productType = "com.apple.product-type.bundle.unit-test";
		};
/* End PBXNativeTarget section */

/* Begin PBXProject section */
		730E65A11A8D35580095A5C0 /* Project object */ = {
			isa = PBXProject;
			attributes = {
				LastUpgradeCheck = 0630;
				ORGANIZATIONNAME = "Robert Smith";
				TargetAttributes = {
					730E65A81A8D35590095A5C0 = {
						CreatedOnToolsVersion = 6.3;
					};
					730E65C61A8D35590095A5C0 = {
						CreatedOnToolsVersion = 6.3;
						TestTargetID = 730E65A81A8D35590095A5C0;
					};
				};
			};
			buildConfigurationList = 730E65A41A8D35580095A5C0 /* Build configuration list for PBXProject "gameDeleteMe" */;
			compatibilityVersion = "Xcode 3.2";
			developmentRegion = English;
			hasScannedForEncodings = 0;
			knownRegions = (
				en,
				Base,
			);
			mainGroup = 730E65A01A8D35580095A5C0;
			productRefGroup = 730E65AA1A8D35590095A5C0 /* Products */;
			projectDirPath = "";
			projectRoot = "";
			targets = (
				730E65A81A8D35590095A5C0 /* gameDeleteMe */,
				730E65C61A8D35590095A5C0 /* gameDeleteMeTests */,
			);
		};
/* End PBXProject section */

/* Begin PBXResourcesBuildPhase section */
		730E65A71A8D35590095A5C0 /* Resources */ = {
			isa = PBXResourcesBuildPhase;
			buildActionMask = 2147483647;
			files = (
				730E65C21A8D35590095A5C0 /* LaunchScreen.xib in Resources */,
				730E65BF1A8D35590095A5C0 /* Images.xcassets in Resources */,
				730E65B71A8D35590095A5C0 /* GameScene.sks in Resources */,
				730E65BD1A8D35590095A5C0 /* Main.storyboard in Resources */,
			);
			runOnlyForDeploymentPostprocessing = 0;
		};
		730E65C51A8D35590095A5C0 /* Resources */ = {
			isa = PBXResourcesBuildPhase;
			buildActionMask = 2147483647;
			files = (
			);
			runOnlyForDeploymentPostprocessing = 0;
		};
/* End PBXResourcesBuildPhase section */

/* Begin PBXSourcesBuildPhase section */
		730E65A51A8D35590095A5C0 /* Sources */ = {
			isa = PBXSourcesBuildPhase;
			buildActionMask = 2147483647;
			files = (
				730E65BA1A8D35590095A5C0 /* GameViewController.m in Sources */,
				730E65B21A8D35590095A5C0 /* AppDelegate.m in Sources */,
				730E65B51A8D35590095A5C0 /* GameScene.m in Sources */,
				730E65AF1A8D35590095A5C0 /* main.m in Sources */,
			);
			runOnlyForDeploymentPostprocessing = 0;
		};
		730E65C31A8D35590095A5C0 /* Sources */ = {
			isa = PBXSourcesBuildPhase;
			buildActionMask = 2147483647;
			files = (
				730E65CE1A8D35590095A5C0 /* gameDeleteMeTests.m in Sources */,
			);
			runOnlyForDeploymentPostprocessing = 0;
		};
/* End PBXSourcesBuildPhase section */

/* Begin PBXTargetDependency section */
		730E65C91A8D35590095A5C0 /* PBXTargetDependency */ = {
			isa = PBXTargetDependency;
			target = 730E65A81A8D35590095A5C0 /* gameDeleteMe */;
			targetProxy = 730E65C81A8D35590095A5C0 /* PBXContainerItemProxy */;
		};
/* End PBXTargetDependency section */

/* Begin PBXVariantGroup section */
		730E65BB1A8D35590095A5C0 /* Main.storyboard */ = {
			isa = PBXVariantGroup;
			children = (
				730E65BC1A8D35590095A5C0 /* Base */,
			);
			name = Main.storyboard;
			sourceTree = "<group>";
		};
		730E65C01A8D35590095A5C0 /* LaunchScreen.xib */ = {
			isa = PBXVariantGroup;
			children = (
				730E65C11A8D35590095A5C0 /* Base */,
			);
			name = LaunchScreen.xib;
			sourceTree = "<group>";
		};
/* End PBXVariantGroup section */

/* Begin XCBuildConfiguration section */
		730E65CF1A8D35590095A5C0 /* Debug */ = {
			isa = XCBuildConfiguration;
			buildSettings = {
				ALWAYS_SEARCH_USER_PATHS = NO;
				CLANG_CXX_LANGUAGE_STANDARD = "gnu++0x";
				CLANG_CXX_LIBRARY = "libc++";
				CLANG_ENABLE_MODULES = YES;
				CLANG_ENABLE_OBJC_ARC = YES;
				CLANG_WARN_BOOL_CONVERSION = YES;
				CLANG_WARN_CONSTANT_CONVERSION = YES;
				CLANG_WARN_DIRECT_OBJC_ISA_USAGE = YES_ERROR;
				CLANG_WARN_EMPTY_BODY = YES;
				CLANG_WARN_ENUM_CONVERSION = YES;
				CLANG_WARN_INT_CONVERSION = YES;
				CLANG_WARN_OBJC_ROOT_CLASS = YES_ERROR;
				CLANG_WARN_UNREACHABLE_CODE = YES;
				CLANG_WARN__DUPLICATE_METHOD_MATCH = YES;
				"CODE_SIGN_IDENTITY[sdk=iphoneos*]" = "iPhone Developer";
				COPY_PHASE_STRIP = NO;
				DEBUG_INFORMATION_FORMAT = dwarf;
				ENABLE_STRICT_OBJC_MSGSEND = YES;
				GCC_C_LANGUAGE_STANDARD = gnu99;
				GCC_DYNAMIC_NO_PIC = NO;
				GCC_OPTIMIZATION_LEVEL = 0;
				GCC_PREPROCESSOR_DEFINITIONS = (
					"DEBUG=1",
					"$(inherited)",
				);
				GCC_SYMBOLS_PRIVATE_EXTERN = NO;
				GCC_WARN_64_TO_32_BIT_CONVERSION = YES;
				GCC_WARN_ABOUT_RETURN_TYPE = YES_ERROR;
				GCC_WARN_UNDECLARED_SELECTOR = YES;
				GCC_WARN_UNINITIALIZED_AUTOS = YES_AGGRESSIVE;
				GCC_WARN_UNUSED_FUNCTION = YES;
				GCC_WARN_UNUSED_VARIABLE = YES;
				IPHONEOS_DEPLOYMENT_TARGET = 8.3;
				MTL_ENABLE_DEBUG_INFO = YES;
				ONLY_ACTIVE_ARCH = YES;
				SDKROOT = iphoneos;
			};
			name = Debug;
		};
		730E65D01A8D35590095A5C0 /* Release */ = {
			isa = XCBuildConfiguration;
			buildSettings = {
				ALWAYS_SEARCH_USER_PATHS = NO;
				CLANG_CXX_LANGUAGE_STANDARD = "gnu++0x";
				CLANG_CXX_LIBRARY = "libc++";
				CLANG_ENABLE_MODULES = YES;
				CLANG_ENABLE_OBJC_ARC = YES;
				CLANG_WARN_BOOL_CONVERSION = YES;
				CLANG_WARN_CONSTANT_CONVERSION = YES;
				CLANG_WARN_DIRECT_OBJC_ISA_USAGE = YES_ERROR;
				CLANG_WARN_EMPTY_BODY = YES;
				CLANG_WARN_ENUM_CONVERSION = YES;
				CLANG_WARN_INT_CONVERSION = YES;
				CLANG_WARN_OBJC_ROOT_CLASS = YES_ERROR;
				CLANG_WARN_UNREACHABLE_CODE = YES;
				CLANG_WARN__DUPLICATE_METHOD_MATCH = YES;
				"CODE_SIGN_IDENTITY[sdk=iphoneos*]" = "iPhone Developer";
				COPY_PHASE_STRIP = NO;
				DEBUG_INFORMATION_FORMAT = "dwarf-with-dsym";
				ENABLE_NS_ASSERTIONS = NO;
				ENABLE_STRICT_OBJC_MSGSEND = YES;
				GCC_C_LANGUAGE_STANDARD = gnu99;
				GCC_WARN_64_TO_32_BIT_CONVERSION = YES;
				GCC_WARN_ABOUT_RETURN_TYPE = YES_ERROR;
				GCC_WARN_UNDECLARED_SELECTOR = YES;
				GCC_WARN_UNINITIALIZED_AUTOS = YES_AGGRESSIVE;
				GCC_WARN_UNUSED_FUNCTION = YES;
				GCC_WARN_UNUSED_VARIABLE = YES;
				IPHONEOS_DEPLOYMENT_TARGET = 8.3;
				MTL_ENABLE_DEBUG_INFO = NO;
				SDKROOT = iphoneos;
				VALIDATE_PRODUCT = YES;
			};
			name = Release;
		};
		730E65D21A8D35590095A5C0 /* Debug */ = {
			isa = XCBuildConfiguration;
			buildSettings = {
				ASSETCATALOG_COMPILER_APPICON_NAME = AppIcon;
				INFOPLIST_FILE = gameDeleteMe/Info.plist;
				LD_RUNPATH_SEARCH_PATHS = "$(inherited) @executable_path/Frameworks";
				PRODUCT_NAME = "$(TARGET_NAME)";
			};
			name = Debug;
		};
		730E65D31A8D35590095A5C0 /* Release */ = {
			isa = XCBuildConfiguration;
			buildSettings = {
				ASSETCATALOG_COMPILER_APPICON_NAME = AppIcon;
				INFOPLIST_FILE = gameDeleteMe/Info.plist;
				LD_RUNPATH_SEARCH_PATHS = "$(inherited) @executable_path/Frameworks";
				PRODUCT_NAME = "$(TARGET_NAME)";
			};
			name = Release;
		};
		730E65D51A8D35590095A5C0 /* Debug */ = {
			isa = XCBuildConfiguration;
			buildSettings = {
				BUNDLE_LOADER = "$(TEST_HOST)";
				FRAMEWORK_SEARCH_PATHS = (
					"$(SDKROOT)/Developer/Library/Frameworks",
					"$(inherited)",
				);
				GCC_PREPROCESSOR_DEFINITIONS = (
					"DEBUG=1",
					"$(inherited)",
				);
				INFOPLIST_FILE = gameDeleteMeTests/Info.plist;
				LD_RUNPATH_SEARCH_PATHS = "$(inherited) @executable_path/Frameworks @loader_path/Frameworks";
				PRODUCT_NAME = "$(TARGET_NAME)";
				TEST_HOST = "$(BUILT_PRODUCTS_DIR)/gameDeleteMe.app/gameDeleteMe";
			};
			name = Debug;
		};
		730E65D61A8D35590095A5C0 /* Release */ = {
			isa = XCBuildConfiguration;
			buildSettings = {
				BUNDLE_LOADER = "$(TEST_HOST)";
				FRAMEWORK_SEARCH_PATHS = (
					"$(SDKROOT)/Developer/Library/Frameworks",
					"$(inherited)",
				);
				INFOPLIST_FILE = gameDeleteMeTests/Info.plist;
				LD_RUNPATH_SEARCH_PATHS = "$(inherited) @executable_path/Frameworks @loader_path/Frameworks";
				PRODUCT_NAME = "$(TARGET_NAME)";
				TEST_HOST = "$(BUILT_PRODUCTS_DIR)/gameDeleteMe.app/gameDeleteMe";
			};
			name = Release;
		};
/* End XCBuildConfiguration section */

/* Begin XCConfigurationList section */
		730E65A41A8D35580095A5C0 /* Build configuration list for PBXProject "gameDeleteMe" */ = {
			isa = XCConfigurationList;
			buildConfigurations = (
				730E65CF1A8D35590095A5C0 /* Debug */,
				730E65D01A8D35590095A5C0 /* Release */,
			);
			defaultConfigurationIsVisible = 0;
			defaultConfigurationName = Release;
		};
		730E65D11A8D35590095A5C0 /* Build configuration list for PBXNativeTarget "gameDeleteMe" */ = {
			isa = XCConfigurationList;
			buildConfigurations = (
				730E65D21A8D35590095A5C0 /* Debug */,
				730E65D31A8D35590095A5C0 /* Release */,
			);
			defaultConfigurationIsVisible = 0;
		};
		730E65D41A8D35590095A5C0 /* Build configuration list for PBXNativeTarget "gameDeleteMeTests" */ = {
			isa = XCConfigurationList;
			buildConfigurations = (
				730E65D51A8D35590095A5C0 /* Debug */,
				730E65D61A8D35590095A5C0 /* Release */,
			);
			defaultConfigurationIsVisible = 0;
		};
/* End XCConfigurationList section */
	};
	rootObject = 730E65A11A8D35580095A5C0 /* Project object */;
}
